
Microsoft Visual Studio Solution File, Format Version 12.00
# Visual Studio Version 17
VisualStudioVersion = 17.9.34728.123
MinimumVisualStudioVersion = 10.0.40219.1
Project("{FAE04EC0-301F-11D3-BF4B-00C04F79EFBC}") = "MattraProject", "MattraProject\MattraProject.csproj", "{18BC56B1-A465-478E-A31A-68902B74700C}"
EndProject
Global
	GlobalSection(SolutionConfigurationPlatforms) = preSolution
		Debug|Any CPU = Debug|Any CPU
		Release|Any CPU = Release|Any CPU
	EndGlobalSection
	GlobalSection(ProjectConfigurationPlatforms) = postSolution
		{18BC56B1-A465-478E-A31A-68902B74700C}.Debug|Any CPU.ActiveCfg = Debug|Any CPU
		{18BC56B1-A465-478E-A31A-68902B74700C}.Debug|Any CPU.Build.0 = Debug|Any CPU
		{18BC56B1-A465-478E-A31A-68902B74700C}.Release|Any CPU.ActiveCfg = Release|Any CPU
		{18BC56B1-A465-478E-A31A-68902B74700C}.Release|Any CPU.Build.0 = Release|Any CPU
	EndGlobalSection
	GlobalSection(SolutionProperties) = preSolution
		HideSolutionNode = FALSE
	EndGlobalSection
	GlobalSection(ExtensibilityGlobals) = postSolution
		SolutionGuid = {242D8138-70BF-4915-980F-D8655783475D}
	EndGlobalSection
EndGlobal
